// !$*UTF8*$!
{
	archiveVersion = 1;
	classes = {
	};
	objectVersion = 46;
	objects = {

/* Begin PBXBuildFile section */
		C61C01E51E5CA37D00DB7245 /* chestCycle.csv in Resources */ = {isa = PBXBuildFile; fileRef = C61C01E41E5CA37D00DB7245 /* chestCycle.csv */; };
		C61C01E71E5CB24600DB7245 /* csvparser.swift in Sources */ = {isa = PBXBuildFile; fileRef = C61C01E61E5CB24600DB7245 /* csvparser.swift */; };
		C6471ACD1E59DA6B001C26B8 /* AppDelegate.swift in Sources */ = {isa = PBXBuildFile; fileRef = C6471ACC1E59DA6B001C26B8 /* AppDelegate.swift */; };
		C6471ACF1E59DA6B001C26B8 /* ViewController.swift in Sources */ = {isa = PBXBuildFile; fileRef = C6471ACE1E59DA6B001C26B8 /* ViewController.swift */; };
		C6471AD21E59DA6B001C26B8 /* Main.storyboard in Resources */ = {isa = PBXBuildFile; fileRef = C6471AD01E59DA6B001C26B8 /* Main.storyboard */; };
		C6471AD51E59DA6B001C26B8 /* CR_Chest_Tracker.xcdatamodeld in Sources */ = {isa = PBXBuildFile; fileRef = C6471AD31E59DA6B001C26B8 /* CR_Chest_Tracker.xcdatamodeld */; };
		C6471AD71E59DA6B001C26B8 /* Assets.xcassets in Resources */ = {isa = PBXBuildFile; fileRef = C6471AD61E59DA6B001C26B8 /* Assets.xcassets */; };
		C6471ADA1E59DA6B001C26B8 /* LaunchScreen.storyboard in Resources */ = {isa = PBXBuildFile; fileRef = C6471AD81E59DA6B001C26B8 /* LaunchScreen.storyboard */; };
		C6471AE51E59DA6B001C26B8 /* CR_Chest_TrackerTests.swift in Sources */ = {isa = PBXBuildFile; fileRef = C6471AE41E59DA6B001C26B8 /* CR_Chest_TrackerTests.swift */; };
		C6471AF01E59DA6B001C26B8 /* CR_Chest_TrackerUITests.swift in Sources */ = {isa = PBXBuildFile; fileRef = C6471AEF1E59DA6B001C26B8 /* CR_Chest_TrackerUITests.swift */; };
/* End PBXBuildFile section */

/* Begin PBXContainerItemProxy section */
		C6471AE11E59DA6B001C26B8 /* PBXContainerItemProxy */ = {
			isa = PBXContainerItemProxy;
			containerPortal = C6471AC11E59DA6A001C26B8 /* Project object */;
			proxyType = 1;
			remoteGlobalIDString = C6471AC81E59DA6A001C26B8;
			remoteInfo = "CR Chest Tracker";
		};
		C6471AEC1E59DA6B001C26B8 /* PBXContainerItemProxy */ = {
			isa = PBXContainerItemProxy;
			containerPortal = C6471AC11E59DA6A001C26B8 /* Project object */;
			proxyType = 1;
			remoteGlobalIDString = C6471AC81E59DA6A001C26B8;
			remoteInfo = "CR Chest Tracker";
		};
/* End PBXContainerItemProxy section */

/* Begin PBXFileReference section */
		C61C01E41E5CA37D00DB7245 /* chestCycle.csv */ = {isa = PBXFileReference; fileEncoding = 4; lastKnownFileType = text; path = chestCycle.csv; sourceTree = "<group>"; };
		C61C01E61E5CB24600DB7245 /* csvparser.swift */ = {isa = PBXFileReference; fileEncoding = 4; lastKnownFileType = sourcecode.swift; path = csvparser.swift; sourceTree = "<group>"; };
		C6471AC91E59DA6B001C26B8 /* CR Chest Tracker.app */ = {isa = PBXFileReference; explicitFileType = wrapper.application; includeInIndex = 0; path = "CR Chest Tracker.app"; sourceTree = BUILT_PRODUCTS_DIR; };
		C6471ACC1E59DA6B001C26B8 /* AppDelegate.swift */ = {isa = PBXFileReference; lastKnownFileType = sourcecode.swift; path = AppDelegate.swift; sourceTree = "<group>"; };
		C6471ACE1E59DA6B001C26B8 /* ViewController.swift */ = {isa = PBXFileReference; lastKnownFileType = sourcecode.swift; path = ViewController.swift; sourceTree = "<group>"; };
		C6471AD11E59DA6B001C26B8 /* Base */ = {isa = PBXFileReference; lastKnownFileType = file.storyboard; name = Base; path = Base.lproj/Main.storyboard; sourceTree = "<group>"; };
		C6471AD41E59DA6B001C26B8 /* CR_Chest_Tracker.xcdatamodel */ = {isa = PBXFileReference; lastKnownFileType = wrapper.xcdatamodel; path = CR_Chest_Tracker.xcdatamodel; sourceTree = "<group>"; };
		C6471AD61E59DA6B001C26B8 /* Assets.xcassets */ = {isa = PBXFileReference; lastKnownFileType = folder.assetcatalog; path = Assets.xcassets; sourceTree = "<group>"; };
		C6471AD91E59DA6B001C26B8 /* Base */ = {isa = PBXFileReference; lastKnownFileType = file.storyboard; name = Base; path = Base.lproj/LaunchScreen.storyboard; sourceTree = "<group>"; };
		C6471ADB1E59DA6B001C26B8 /* Info.plist */ = {isa = PBXFileReference; lastKnownFileType = text.plist.xml; path = Info.plist; sourceTree = "<group>"; };
		C6471AE01E59DA6B001C26B8 /* CR Chest TrackerTests.xctest */ = {isa = PBXFileReference; explicitFileType = wrapper.cfbundle; includeInIndex = 0; path = "CR Chest TrackerTests.xctest"; sourceTree = BUILT_PRODUCTS_DIR; };
		C6471AE41E59DA6B001C26B8 /* CR_Chest_TrackerTests.swift */ = {isa = PBXFileReference; lastKnownFileType = sourcecode.swift; path = CR_Chest_TrackerTests.swift; sourceTree = "<group>"; };
		C6471AE61E59DA6B001C26B8 /* Info.plist */ = {isa = PBXFileReference; lastKnownFileType = text.plist.xml; path = Info.plist; sourceTree = "<group>"; };
		C6471AEB1E59DA6B001C26B8 /* CR Chest TrackerUITests.xctest */ = {isa = PBXFileReference; explicitFileType = wrapper.cfbundle; includeInIndex = 0; path = "CR Chest TrackerUITests.xctest"; sourceTree = BUILT_PRODUCTS_DIR; };
		C6471AEF1E59DA6B001C26B8 /* CR_Chest_TrackerUITests.swift */ = {isa = PBXFileReference; lastKnownFileType = sourcecode.swift; path = CR_Chest_TrackerUITests.swift; sourceTree = "<group>"; };
		C6471AF11E59DA6B001C26B8 /* Info.plist */ = {isa = PBXFileReference; lastKnownFileType = text.plist.xml; path = Info.plist; sourceTree = "<group>"; };
/* End PBXFileReference section */

/* Begin PBXFrameworksBuildPhase section */
		C6471AC61E59DA6A001C26B8 /* Frameworks */ = {
			isa = PBXFrameworksBuildPhase;
			buildActionMask = 2147483647;
			files = (
			);
			runOnlyForDeploymentPostprocessing = 0;
		};
		C6471ADD1E59DA6B001C26B8 /* Frameworks */ = {
			isa = PBXFrameworksBuildPhase;
			buildActionMask = 2147483647;
			files = (
			);
			runOnlyForDeploymentPostprocessing = 0;
		};
		C6471AE81E59DA6B001C26B8 /* Frameworks */ = {
			isa = PBXFrameworksBuildPhase;
			buildActionMask = 2147483647;
			files = (
			);
			runOnlyForDeploymentPostprocessing = 0;
		};
/* End PBXFrameworksBuildPhase section */

/* Begin PBXGroup section */
		C6471AC01E59DA6A001C26B8 = {
			isa = PBXGroup;
			children = (
				C6471ACB1E59DA6B001C26B8 /* CR Chest Tracker */,
				C6471AE31E59DA6B001C26B8 /* CR Chest TrackerTests */,
				C6471AEE1E59DA6B001C26B8 /* CR Chest TrackerUITests */,
				C6471ACA1E59DA6B001C26B8 /* Products */,
			);
			sourceTree = "<group>";
		};
		C6471ACA1E59DA6B001C26B8 /* Products */ = {
			isa = PBXGroup;
			children = (
				C6471AC91E59DA6B001C26B8 /* CR Chest Tracker.app */,
				C6471AE01E59DA6B001C26B8 /* CR Chest TrackerTests.xctest */,
				C6471AEB1E59DA6B001C26B8 /* CR Chest TrackerUITests.xctest */,
			);
			name = Products;
			sourceTree = "<group>";
		};
		C6471ACB1E59DA6B001C26B8 /* CR Chest Tracker */ = {
			isa = PBXGroup;
			children = (
				C61C01E61E5CB24600DB7245 /* csvparser.swift */,
				C61C01E41E5CA37D00DB7245 /* chestCycle.csv */,
				C6471ACC1E59DA6B001C26B8 /* AppDelegate.swift */,
				C6471ACE1E59DA6B001C26B8 /* ViewController.swift */,
				C6471AD01E59DA6B001C26B8 /* Main.storyboard */,
				C6471AD61E59DA6B001C26B8 /* Assets.xcassets */,
				C6471AD81E59DA6B001C26B8 /* LaunchScreen.storyboard */,
				C6471ADB1E59DA6B001C26B8 /* Info.plist */,
				C6471AD31E59DA6B001C26B8 /* CR_Chest_Tracker.xcdatamodeld */,
			);
			path = "CR Chest Tracker";
			sourceTree = "<group>";
		};
		C6471AE31E59DA6B001C26B8 /* CR Chest TrackerTests */ = {
			isa = PBXGroup;
			children = (
				C6471AE41E59DA6B001C26B8 /* CR_Chest_TrackerTests.swift */,
				C6471AE61E59DA6B001C26B8 /* Info.plist */,
			);
			path = "CR Chest TrackerTests";
			sourceTree = "<group>";
		};
		C6471AEE1E59DA6B001C26B8 /* CR Chest TrackerUITests */ = {
			isa = PBXGroup;
			children = (
				C6471AEF1E59DA6B001C26B8 /* CR_Chest_TrackerUITests.swift */,
				C6471AF11E59DA6B001C26B8 /* Info.plist */,
			);
			path = "CR Chest TrackerUITests";
			sourceTree = "<group>";
		};
/* End PBXGroup section */

/* Begin PBXNativeTarget section */
		C6471AC81E59DA6A001C26B8 /* CR Chest Tracker */ = {
			isa = PBXNativeTarget;
			buildConfigurationList = C6471AF41E59DA6B001C26B8 /* Build configuration list for PBXNativeTarget "CR Chest Tracker" */;
			buildPhases = (
				C6471AC51E59DA6A001C26B8 /* Sources */,
				C6471AC61E59DA6A001C26B8 /* Frameworks */,
				C6471AC71E59DA6A001C26B8 /* Resources */,
			);
			buildRules = (
			);
			dependencies = (
			);
			name = "CR Chest Tracker";
			productName = "CR Chest Tracker";
			productReference = C6471AC91E59DA6B001C26B8 /* CR Chest Tracker.app */;
			productType = "com.apple.product-type.application";
		};
		C6471ADF1E59DA6B001C26B8 /* CR Chest TrackerTests */ = {
			isa = PBXNativeTarget;
			buildConfigurationList = C6471AF71E59DA6B001C26B8 /* Build configuration list for PBXNativeTarget "CR Chest TrackerTests" */;
			buildPhases = (
				C6471ADC1E59DA6B001C26B8 /* Sources */,
				C6471ADD1E59DA6B001C26B8 /* Frameworks */,
				C6471ADE1E59DA6B001C26B8 /* Resources */,
			);
			buildRules = (
			);
			dependencies = (
				C6471AE21E59DA6B001C26B8 /* PBXTargetDependency */,
			);
			name = "CR Chest TrackerTests";
			productName = "CR Chest TrackerTests";
			productReference = C6471AE01E59DA6B001C26B8 /* CR Chest TrackerTests.xctest */;
			productType = "com.apple.product-type.bundle.unit-test";
		};
		C6471AEA1E59DA6B001C26B8 /* CR Chest TrackerUITests */ = {
			isa = PBXNativeTarget;
			buildConfigurationList = C6471AFA1E59DA6B001C26B8 /* Build configuration list for PBXNativeTarget "CR Chest TrackerUITests" */;
			buildPhases = (
				C6471AE71E59DA6B001C26B8 /* Sources */,
				C6471AE81E59DA6B001C26B8 /* Frameworks */,
				C6471AE91E59DA6B001C26B8 /* Resources */,
			);
			buildRules = (
			);
			dependencies = (
				C6471AED1E59DA6B001C26B8 /* PBXTargetDependency */,
			);
			name = "CR Chest TrackerUITests";
			productName = "CR Chest TrackerUITests";
			productReference = C6471AEB1E59DA6B001C26B8 /* CR Chest TrackerUITests.xctest */;
			productType = "com.apple.product-type.bundle.ui-testing";
		};
/* End PBXNativeTarget section */

/* Begin PBXProject section */
		C6471AC11E59DA6A001C26B8 /* Project object */ = {
			isa = PBXProject;
			attributes = {
				LastSwiftUpdateCheck = 0820;
				LastUpgradeCheck = 0820;
				ORGANIZATIONNAME = "Nicholas Tan";
				TargetAttributes = {
					C6471AC81E59DA6A001C26B8 = {
						CreatedOnToolsVersion = 8.2.1;
						DevelopmentTeam = 3EQZS9T837;
						ProvisioningStyle = Automatic;
					};
					C6471ADF1E59DA6B001C26B8 = {
						CreatedOnToolsVersion = 8.2.1;
						DevelopmentTeam = 3EQZS9T837;
						ProvisioningStyle = Automatic;
						TestTargetID = C6471AC81E59DA6A001C26B8;
					};
					C6471AEA1E59DA6B001C26B8 = {
						CreatedOnToolsVersion = 8.2.1;
						DevelopmentTeam = 3EQZS9T837;
						ProvisioningStyle = Automatic;
						TestTargetID = C6471AC81E59DA6A001C26B8;
					};
				};
			};
			buildConfigurationList = C6471AC41E59DA6A001C26B8 /* Build configuration list for PBXProject "CR Chest Tracker" */;
			compatibilityVersion = "Xcode 3.2";
			developmentRegion = English;
			hasScannedForEncodings = 0;
			knownRegions = (
				en,
				Base,
			);
			mainGroup = C6471AC01E59DA6A001C26B8;
			productRefGroup = C6471ACA1E59DA6B001C26B8 /* Products */;
			projectDirPath = "";
			projectRoot = "";
			targets = (
				C6471AC81E59DA6A001C26B8 /* CR Chest Tracker */,
				C6471ADF1E59DA6B001C26B8 /* CR Chest TrackerTests */,
				C6471AEA1E59DA6B001C26B8 /* CR Chest TrackerUITests */,
			);
		};
/* End PBXProject section */

/* Begin PBXResourcesBuildPhase section */
		C6471AC71E59DA6A001C26B8 /* Resources */ = {
			isa = PBXResourcesBuildPhase;
			buildActionMask = 2147483647;
			files = (
				C6471ADA1E59DA6B001C26B8 /* LaunchScreen.storyboard in Resources */,
				C6471AD71E59DA6B001C26B8 /* Assets.xcassets in Resources */,
				C6471AD21E59DA6B001C26B8 /* Main.storyboard in Resources */,
				C61C01E51E5CA37D00DB7245 /* chestCycle.csv in Resources */,
			);
			runOnlyForDeploymentPostprocessing = 0;
		};
		C6471ADE1E59DA6B001C26B8 /* Resources */ = {
			isa = PBXResourcesBuildPhase;
			buildActionMask = 2147483647;
			files = (
			);
			runOnlyForDeploymentPostprocessing = 0;
		};
		C6471AE91E59DA6B001C26B8 /* Resources */ = {
			isa = PBXResourcesBuildPhase;
			buildActionMask = 2147483647;
			files = (
			);
			runOnlyForDeploymentPostprocessing = 0;
		};
/* End PBXResourcesBuildPhase section */

/* Begin PBXSourcesBuildPhase section */
		C6471AC51E59DA6A001C26B8 /* Sources */ = {
			isa = PBXSourcesBuildPhase;
			buildActionMask = 2147483647;
			files = (
				C6471AD51E59DA6B001C26B8 /* CR_Chest_Tracker.xcdatamodeld in Sources */,
				C6471ACF1E59DA6B001C26B8 /* ViewController.swift in Sources */,
				C6471ACD1E59DA6B001C26B8 /* AppDelegate.swift in Sources */,
				C61C01E71E5CB24600DB7245 /* csvparser.swift in Sources */,
			);
			runOnlyForDeploymentPostprocessing = 0;
		};
		C6471ADC1E59DA6B001C26B8 /* Sources */ = {
			isa = PBXSourcesBuildPhase;
			buildActionMask = 2147483647;
			files = (
				C6471AE51E59DA6B001C26B8 /* CR_Chest_TrackerTests.swift in Sources */,
			);
			runOnlyForDeploymentPostprocessing = 0;
		};
		C6471AE71E59DA6B001C26B8 /* Sources */ = {
			isa = PBXSourcesBuildPhase;
			buildActionMask = 2147483647;
			files = (
				C6471AF01E59DA6B001C26B8 /* CR_Chest_TrackerUITests.swift in Sources */,
			);
			runOnlyForDeploymentPostprocessing = 0;
		};
/* End PBXSourcesBuildPhase section */

/* Begin PBXTargetDependency section */
		C6471AE21E59DA6B001C26B8 /* PBXTargetDependency */ = {
			isa = PBXTargetDependency;
			target = C6471AC81E59DA6A001C26B8 /* CR Chest Tracker */;
			targetProxy = C6471AE11E59DA6B001C26B8 /* PBXContainerItemProxy */;
		};
		C6471AED1E59DA6B001C26B8 /* PBXTargetDependency */ = {
			isa = PBXTargetDependency;
			target = C6471AC81E59DA6A001C26B8 /* CR Chest Tracker */;
			targetProxy = C6471AEC1E59DA6B001C26B8 /* PBXContainerItemProxy */;
		};
/* End PBXTargetDependency section */

/* Begin PBXVariantGroup section */
		C6471AD01E59DA6B001C26B8 /* Main.storyboard */ = {
			isa = PBXVariantGroup;
			children = (
				C6471AD11E59DA6B001C26B8 /* Base */,
			);
			name = Main.storyboard;
			sourceTree = "<group>";
		};
		C6471AD81E59DA6B001C26B8 /* LaunchScreen.storyboard */ = {
			isa = PBXVariantGroup;
			children = (
				C6471AD91E59DA6B001C26B8 /* Base */,
			);
			name = LaunchScreen.storyboard;
			sourceTree = "<group>";
		};
/* End PBXVariantGroup section */

/* Begin XCBuildConfiguration section */
		C6471AF21E59DA6B001C26B8 /* Debug */ = {
			isa = XCBuildConfiguration;
			buildSettings = {
				ALWAYS_SEARCH_USER_PATHS = NO;
				CLANG_ANALYZER_NONNULL = YES;
				CLANG_CXX_LANGUAGE_STANDARD = "gnu++0x";
				CLANG_CXX_LIBRARY = "libc++";
				CLANG_ENABLE_MODULES = YES;
				CLANG_ENABLE_OBJC_ARC = YES;
				CLANG_WARN_BOOL_CONVERSION = YES;
				CLANG_WARN_CONSTANT_CONVERSION = YES;
				CLANG_WARN_DIRECT_OBJC_ISA_USAGE = YES_ERROR;
				CLANG_WARN_DOCUMENTATION_COMMENTS = YES;
				CLANG_WARN_EMPTY_BODY = YES;
				CLANG_WARN_ENUM_CONVERSION = YES;
				CLANG_WARN_INFINITE_RECURSION = YES;
				CLANG_WARN_INT_CONVERSION = YES;
				CLANG_WARN_OBJC_ROOT_CLASS = YES_ERROR;
				CLANG_WARN_SUSPICIOUS_MOVE = YES;
				CLANG_WARN_UNREACHABLE_CODE = YES;
				CLANG_WARN__DUPLICATE_METHOD_MATCH = YES;
				"CODE_SIGN_IDENTITY[sdk=iphoneos*]" = "iPhone Developer";
				COPY_PHASE_STRIP = NO;
				DEBUG_INFORMATION_FORMAT = dwarf;
				ENABLE_STRICT_OBJC_MSGSEND = YES;
				ENABLE_TESTABILITY = YES;
				GCC_C_LANGUAGE_STANDARD = gnu99;
				GCC_DYNAMIC_NO_PIC = NO;
				GCC_NO_COMMON_BLOCKS = YES;
				GCC_OPTIMIZATION_LEVEL = 0;
				GCC_PREPROCESSOR_DEFINITIONS = (
					"DEBUG=1",
					"$(inherited)",
				);
				GCC_WARN_64_TO_32_BIT_CONVERSION = YES;
				GCC_WARN_ABOUT_RETURN_TYPE = YES_ERROR;
				GCC_WARN_UNDECLARED_SELECTOR = YES;
				GCC_WARN_UNINITIALIZED_AUTOS = YES_AGGRESSIVE;
				GCC_WARN_UNUSED_FUNCTION = YES;
				GCC_WARN_UNUSED_VARIABLE = YES;
				IPHONEOS_DEPLOYMENT_TARGET = 10.2;
				MTL_ENABLE_DEBUG_INFO = YES;
				ONLY_ACTIVE_ARCH = YES;
				SDKROOT = iphoneos;
				SWIFT_ACTIVE_COMPILATION_CONDITIONS = DEBUG;
				SWIFT_OPTIMIZATION_LEVEL = "-Onone";
			};
			name = Debug;
		};
		C6471AF31E59DA6B001C26B8 /* Release */ = {
			isa = XCBuildConfiguration;
			buildSettings = {
				ALWAYS_SEARCH_USER_PATHS = NO;
				CLANG_ANALYZER_NONNULL = YES;
				CLANG_CXX_LANGUAGE_STANDARD = "gnu++0x";
				CLANG_CXX_LIBRARY = "libc++";
				CLANG_ENABLE_MODULES = YES;
				CLANG_ENABLE_OBJC_ARC = YES;
				CLANG_WARN_BOOL_CONVERSION = YES;
				CLANG_WARN_CONSTANT_CONVERSION = YES;
				CLANG_WARN_DIRECT_OBJC_ISA_USAGE = YES_ERROR;
				CLANG_WARN_DOCUMENTATION_COMMENTS = YES;
				CLANG_WARN_EMPTY_BODY = YES;
				CLANG_WARN_ENUM_CONVERSION = YES;
				CLANG_WARN_INFINITE_RECURSION = YES;
				CLANG_WARN_INT_CONVERSION = YES;
				CLANG_WARN_OBJC_ROOT_CLASS = YES_ERROR;
				CLANG_WARN_SUSPICIOUS_MOVE = YES;
				CLANG_WARN_UNREACHABLE_CODE = YES;
				CLANG_WARN__DUPLICATE_METHOD_MATCH = YES;
				"CODE_SIGN_IDENTITY[sdk=iphoneos*]" = "iPhone Developer";
				COPY_PHASE_STRIP = NO;
				DEBUG_INFORMATION_FORMAT = "dwarf-with-dsym";
				ENABLE_NS_ASSERTIONS = NO;
				ENABLE_STRICT_OBJC_MSGSEND = YES;
				GCC_C_LANGUAGE_STANDARD = gnu99;
				GCC_NO_COMMON_BLOCKS = YES;
				GCC_WARN_64_TO_32_BIT_CONVERSION = YES;
				GCC_WARN_ABOUT_RETURN_TYPE = YES_ERROR;
				GCC_WARN_UNDECLARED_SELECTOR = YES;
				GCC_WARN_UNINITIALIZED_AUTOS = YES_AGGRESSIVE;
				GCC_WARN_UNUSED_FUNCTION = YES;
				GCC_WARN_UNUSED_VARIABLE = YES;
				IPHONEOS_DEPLOYMENT_TARGET = 10.2;
				MTL_ENABLE_DEBUG_INFO = NO;
				SDKROOT = iphoneos;
				SWIFT_OPTIMIZATION_LEVEL = "-Owholemodule";
				VALIDATE_PRODUCT = YES;
			};
			name = Release;
		};
		C6471AF51E59DA6B001C26B8 /* Debug */ = {
			isa = XCBuildConfiguration;
			buildSettings = {
				ASSETCATALOG_COMPILER_APPICON_NAME = AppIcon;
				DEVELOPMENT_TEAM = 3EQZS9T837;
				INFOPLIST_FILE = "CR Chest Tracker/Info.plist";
				LD_RUNPATH_SEARCH_PATHS = "$(inherited) @executable_path/Frameworks";
				PRODUCT_BUNDLE_IDENTIFIER = "com.Nick.CR-Chest-Tracker";
				PRODUCT_NAME = "$(TARGET_NAME)";
				SWIFT_VERSION = 3.0;
			};
			name = Debug;
		};
		C6471AF61E59DA6B001C26B8 /* Release */ = {
			isa = XCBuildConfiguration;
			buildSettings = {
				ASSETCATALOG_COMPILER_APPICON_NAME = AppIcon;
				DEVELOPMENT_TEAM = 3EQZS9T837;
				INFOPLIST_FILE = "CR Chest Tracker/Info.plist";
				LD_RUNPATH_SEARCH_PATHS = "$(inherited) @executable_path/Frameworks";
				PRODUCT_BUNDLE_IDENTIFIER = "com.Nick.CR-Chest-Tracker";
				PRODUCT_NAME = "$(TARGET_NAME)";
				SWIFT_VERSION = 3.0;
			};
			name = Release;
		};
		C6471AF81E59DA6B001C26B8 /* Debug */ = {
			isa = XCBuildConfiguration;
			buildSettings = {
				ALWAYS_EMBED_SWIFT_STANDARD_LIBRARIES = YES;
				BUNDLE_LOADER = "$(TEST_HOST)";
				DEVELOPMENT_TEAM = 3EQZS9T837;
				INFOPLIST_FILE = "CR Chest TrackerTests/Info.plist";
				LD_RUNPATH_SEARCH_PATHS = "$(inherited) @executable_path/Frameworks @loader_path/Frameworks";
				PRODUCT_BUNDLE_IDENTIFIER = "com.Nick.CR-Chest-TrackerTests";
				PRODUCT_NAME = "$(TARGET_NAME)";
				SWIFT_VERSION = 3.0;
				TEST_HOST = "$(BUILT_PRODUCTS_DIR)/CR Chest Tracker.app/CR Chest Tracker";
			};
			name = Debug;
		};
		C6471AF91E59DA6B001C26B8 /* Release */ = {
			isa = XCBuildConfiguration;
			buildSettings = {
				ALWAYS_EMBED_SWIFT_STANDARD_LIBRARIES = YES;
				BUNDLE_LOADER = "$(TEST_HOST)";
				DEVELOPMENT_TEAM = 3EQZS9T837;
				INFOPLIST_FILE = "CR Chest TrackerTests/Info.plist";
				LD_RUNPATH_SEARCH_PATHS = "$(inherited) @executable_path/Frameworks @loader_path/Frameworks";
				PRODUCT_BUNDLE_IDENTIFIER = "com.Nick.CR-Chest-TrackerTests";
				PRODUCT_NAME = "$(TARGET_NAME)";
				SWIFT_VERSION = 3.0;
				TEST_HOST = "$(BUILT_PRODUCTS_DIR)/CR Chest Tracker.app/CR Chest Tracker";
			};
			name = Release;
		};
		C6471AFB1E59DA6B001C26B8 /* Debug */ = {
			isa = XCBuildConfiguration;
			buildSettings = {
				ALWAYS_EMBED_SWIFT_STANDARD_LIBRARIES = YES;
				DEVELOPMENT_TEAM = 3EQZS9T837;
				INFOPLIST_FILE = "CR Chest TrackerUITests/Info.plist";
				LD_RUNPATH_SEARCH_PATHS = "$(inherited) @executable_path/Frameworks @loader_path/Frameworks";
				PRODUCT_BUNDLE_IDENTIFIER = "com.Nick.CR-Chest-TrackerUITests";
				PRODUCT_NAME = "$(TARGET_NAME)";
				SWIFT_VERSION = 3.0;
				TEST_TARGET_NAME = "CR Chest Tracker";
			};
			name = Debug;
		};
		C6471AFC1E59DA6B001C26B8 /* Release */ = {
			isa = XCBuildConfiguration;
			buildSettings = {
				ALWAYS_EMBED_SWIFT_STANDARD_LIBRARIES = YES;
				DEVELOPMENT_TEAM = 3EQZS9T837;
				INFOPLIST_FILE = "CR Chest TrackerUITests/Info.plist";
				LD_RUNPATH_SEARCH_PATHS = "$(inherited) @executable_path/Frameworks @loader_path/Frameworks";
				PRODUCT_BUNDLE_IDENTIFIER = "com.Nick.CR-Chest-TrackerUITests";
				PRODUCT_NAME = "$(TARGET_NAME)";
				SWIFT_VERSION = 3.0;
				TEST_TARGET_NAME = "CR Chest Tracker";
			};
			name = Release;
		};
/* End XCBuildConfiguration section */

/* Begin XCConfigurationList section */
		C6471AC41E59DA6A001C26B8 /* Build configuration list for PBXProject "CR Chest Tracker" */ = {
			isa = XCConfigurationList;
			buildConfigurations = (
				C6471AF21E59DA6B001C26B8 /* Debug */,
				C6471AF31E59DA6B001C26B8 /* Release */,
			);
			defaultConfigurationIsVisible = 0;
			defaultConfigurationName = Release;
		};
		C6471AF41E59DA6B001C26B8 /* Build configuration list for PBXNativeTarget "CR Chest Tracker" */ = {
			isa = XCConfigurationList;
			buildConfigurations = (
				C6471AF51E59DA6B001C26B8 /* Debug */,
				C6471AF61E59DA6B001C26B8 /* Release */,
			);
			defaultConfigurationIsVisible = 0;
			defaultConfigurationName = Release;
		};
		C6471AF71E59DA6B001C26B8 /* Build configuration list for PBXNativeTarget "CR Chest TrackerTests" */ = {
			isa = XCConfigurationList;
			buildConfigurations = (
				C6471AF81E59DA6B001C26B8 /* Debug */,
				C6471AF91E59DA6B001C26B8 /* Release */,
			);
			defaultConfigurationIsVisible = 0;
			defaultConfigurationName = Release;
		};
		C6471AFA1E59DA6B001C26B8 /* Build configuration list for PBXNativeTarget "CR Chest TrackerUITests" */ = {
			isa = XCConfigurationList;
			buildConfigurations = (
				C6471AFB1E59DA6B001C26B8 /* Debug */,
				C6471AFC1E59DA6B001C26B8 /* Release */,
			);
			defaultConfigurationIsVisible = 0;
			defaultConfigurationName = Release;
		};
/* End XCConfigurationList section */

/* Begin XCVersionGroup section */
		C6471AD31E59DA6B001C26B8 /* CR_Chest_Tracker.xcdatamodeld */ = {
			isa = XCVersionGroup;
			children = (
				C6471AD41E59DA6B001C26B8 /* CR_Chest_Tracker.xcdatamodel */,
			);
			currentVersion = C6471AD41E59DA6B001C26B8 /* CR_Chest_Tracker.xcdatamodel */;
			path = CR_Chest_Tracker.xcdatamodeld;
			sourceTree = "<group>";
			versionGroupType = wrapper.xcdatamodel;
		};
/* End XCVersionGroup section */
	};
	rootObject = C6471AC11E59DA6A001C26B8 /* Project object */;
}
